{
  "version": 4,
  "terraform_version": "1.3.3",
  "serial": 549,
  "lineage": "9f89167c-9b33-c4f3-1e38-78a35f39108c",
  "outputs": {
    "eks_cluster_id": {
      "value": "",
      "type": "string"
    },
    "eks_managed_nodegroup_arns": {
      "value": [
        null
      ],
      "type": [
        "list",
        "string"
      ]
    },
    "eks_managed_nodegroup_ids": {
      "value": [
        null
      ],
      "type": [
        "list",
        "string"
      ]
    },
    "eks_managed_nodegroup_role_name": {
      "value": [
        ""
      ],
      "type": [
        "list",
        "string"
      ]
    },
    "eks_managed_nodegroup_status": {
      "value": [
        null
      ],
      "type": [
        "list",
        "string"
      ]
    },
    "eks_managed_nodegroups": {
      "value": [
        {
          "mg_5": {
            "managed_nodegroup_arn": null,
            "managed_nodegroup_iam_instance_profile_arn": [],
            "managed_nodegroup_iam_instance_profile_id": [],
            "managed_nodegroup_iam_role_arn": [],
            "managed_nodegroup_iam_role_name": [],
            "managed_nodegroup_id": null,
            "managed_nodegroup_launch_template_arn": [],
            "managed_nodegroup_launch_template_id": [],
            "managed_nodegroup_launch_template_latest_version": [],
            "managed_nodegroup_status": null
          }
        }
      ],
      "type": [
        "list",
        [
          "object",
          {
            "mg_5": [
              "object",
              {
                "managed_nodegroup_arn": "dynamic",
                "managed_nodegroup_iam_instance_profile_arn": [
                  "tuple",
                  []
                ],
                "managed_nodegroup_iam_instance_profile_id": [
                  "tuple",
                  []
                ],
                "managed_nodegroup_iam_role_arn": [
                  "tuple",
                  []
                ],
                "managed_nodegroup_iam_role_name": [
                  "tuple",
                  []
                ],
                "managed_nodegroup_id": "dynamic",
                "managed_nodegroup_launch_template_arn": [
                  "tuple",
                  []
                ],
                "managed_nodegroup_launch_template_id": [
                  "tuple",
                  []
                ],
                "managed_nodegroup_launch_template_latest_version": [
                  "tuple",
                  []
                ],
                "managed_nodegroup_status": "dynamic"
              }
            ]
          }
        ]
      ]
    }
  },
  "resources": [
    {
      "mode": "data",
      "type": "aws_availability_zones",
      "name": "available",
      "provider": "provider[\"registry.terraform.io/hashicorp/aws\"]",
      "instances": [
        {
          "schema_version": 0,
          "attributes": {
            "all_availability_zones": null,
            "exclude_names": null,
            "exclude_zone_ids": null,
            "filter": [
              {
                "name": "opt-in-status",
                "values": [
                  "opt-in-not-required"
                ]
              }
            ],
            "group_names": [
              "us-west-2"
            ],
            "id": "us-west-2",
            "names": [
              "us-west-2a",
              "us-west-2b",
              "us-west-2c",
              "us-west-2d"
            ],
            "state": null,
            "timeouts": null,
            "zone_ids": [
              "usw2-az1",
              "usw2-az2",
              "usw2-az3",
              "usw2-az4"
            ]
          },
          "sensitive_attributes": []
        }
      ]
    },
    {
      "module": "module.vpc",
      "mode": "managed",
      "type": "aws_internet_gateway",
      "name": "this",
      "provider": "provider[\"registry.terraform.io/hashicorp/aws\"]",
      "instances": [
        {
          "index_key": 0,
          "schema_version": 0,
          "attributes": {
            "arn": "arn:aws:ec2:us-west-2:895656015678:internet-gateway/igw-02cd0fd00c8653f0b",
            "id": "igw-02cd0fd00c8653f0b",
            "owner_id": "895656015678",
            "tags": {
              "Blueprint": "ekssske",
              "GithubRepo": "github.com/aws-ia/terraform-aws-eks-blueprints",
              "Name": "ekssske"
            },
            "tags_all": {
              "Blueprint": "ekssske",
              "GithubRepo": "github.com/aws-ia/terraform-aws-eks-blueprints",
              "Name": "ekssske"
            },
            "timeouts": null,
            "vpc_id": "vpc-014939fe997ddff00"
          },
          "sensitive_attributes": [],
          "private": "eyJlMmJmYjczMC1lY2FhLTExZTYtOGY4OC0zNDM2M2JjN2M0YzAiOnsiY3JlYXRlIjoxMjAwMDAwMDAwMDAwLCJkZWxldGUiOjEyMDAwMDAwMDAwMDAsInVwZGF0ZSI6MTIwMDAwMDAwMDAwMH19",
          "dependencies": [
            "data.aws_availability_zones.available",
            "module.vpc.aws_vpc.this",
            "module.vpc.aws_vpc_ipv4_cidr_block_association.this"
          ]
        }
      ]
    },
    {
      "module": "module.vpc",
      "mode": "managed",
      "type": "aws_subnet",
      "name": "public",
      "provider": "provider[\"registry.terraform.io/hashicorp/aws\"]",
      "instances": [
        {
          "index_key": 0,
          "schema_version": 1,
          "attributes": {
            "arn": "arn:aws:ec2:us-west-2:895656015678:subnet/subnet-0beef21a3d4839b17",
            "assign_ipv6_address_on_creation": false,
            "availability_zone": "us-west-2a",
            "availability_zone_id": "usw2-az1",
            "cidr_block": "10.0.0.0/24",
            "customer_owned_ipv4_pool": "",
            "enable_dns64": false,
            "enable_resource_name_dns_a_record_on_launch": false,
            "enable_resource_name_dns_aaaa_record_on_launch": false,
            "id": "subnet-0beef21a3d4839b17",
            "ipv6_cidr_block": "",
            "ipv6_cidr_block_association_id": "",
            "ipv6_native": false,
            "map_customer_owned_ip_on_launch": false,
            "map_public_ip_on_launch": true,
            "outpost_arn": "",
            "owner_id": "895656015678",
            "private_dns_hostname_type_on_launch": "ip-name",
            "tags": {
              "Blueprint": "ekssske",
              "GithubRepo": "github.com/aws-ia/terraform-aws-eks-blueprints",
              "Name": "ekssske-public-us-west-2a",
              "kubernetes.io/cluster/ekssske": "shared",
              "kubernetes.io/role/elb": "1"
            },
            "tags_all": {
              "Blueprint": "ekssske",
              "GithubRepo": "github.com/aws-ia/terraform-aws-eks-blueprints",
              "Name": "ekssske-public-us-west-2a",
              "kubernetes.io/cluster/ekssske": "shared",
              "kubernetes.io/role/elb": "1"
            },
            "timeouts": null,
            "vpc_id": "vpc-014939fe997ddff00"
          },
          "sensitive_attributes": [],
          "private": "eyJlMmJmYjczMC1lY2FhLTExZTYtOGY4OC0zNDM2M2JjN2M0YzAiOnsiY3JlYXRlIjo2MDAwMDAwMDAwMDAsImRlbGV0ZSI6MTIwMDAwMDAwMDAwMH0sInNjaGVtYV92ZXJzaW9uIjoiMSJ9",
          "dependencies": [
            "data.aws_availability_zones.available",
            "module.vpc.aws_vpc.this",
            "module.vpc.aws_vpc_ipv4_cidr_block_association.this"
          ]
        }
      ]
    },
    {
      "module": "module.vpc",
      "mode": "managed",
      "type": "aws_vpc",
      "name": "this",
      "provider": "provider[\"registry.terraform.io/hashicorp/aws\"]",
      "instances": [
        {
          "index_key": 0,
          "schema_version": 1,
          "attributes": {
            "arn": "arn:aws:ec2:us-west-2:895656015678:vpc/vpc-014939fe997ddff00",
            "assign_generated_ipv6_cidr_block": false,
            "cidr_block": "10.0.0.0/16",
            "default_network_acl_id": "acl-0604b28f8d5593ff1",
            "default_route_table_id": "rtb-02c630e598fcea0df",
            "default_security_group_id": "sg-01eaa41ad6517c7d4",
            "dhcp_options_id": "dopt-01652c6ef7d78c9d5",
            "enable_classiclink": false,
            "enable_classiclink_dns_support": false,
            "enable_dns_hostnames": true,
            "enable_dns_support": true,
            "enable_network_address_usage_metrics": false,
            "id": "vpc-014939fe997ddff00",
            "instance_tenancy": "default",
            "ipv4_ipam_pool_id": null,
            "ipv4_netmask_length": null,
            "ipv6_association_id": "",
            "ipv6_cidr_block": "",
            "ipv6_cidr_block_network_border_group": "",
            "ipv6_ipam_pool_id": "",
            "ipv6_netmask_length": 0,
            "main_route_table_id": "rtb-02c630e598fcea0df",
            "owner_id": "895656015678",
            "tags": {
              "Blueprint": "ekssske",
              "GithubRepo": "github.com/aws-ia/terraform-aws-eks-blueprints",
              "Name": "ekssske"
            },
            "tags_all": {
              "Blueprint": "ekssske",
              "GithubRepo": "github.com/aws-ia/terraform-aws-eks-blueprints",
              "Name": "ekssske"
            }
          },
          "sensitive_attributes": [],
          "private": "eyJzY2hlbWFfdmVyc2lvbiI6IjEifQ==",
          "create_before_destroy": true
        }
      ]
    }
  ],
  "check_results": []
}
