{
  "version": 4,
  "terraform_version": "1.3.3",
  "serial": 215,
  "lineage": "d29ac855-d3f0-f128-a5ad-051ad1006f85",
  "outputs": {
    "configure_kubectl": {
      "value": "aws eks --region us-east-1 update-kubeconfig --name eks-blueprints",
      "type": "string"
    },
    "vpc_id": {
      "value": "vpc-061c85c0d6e7f64f3",
      "type": "string"
    }
  },
  "resources": [
    {
      "mode": "data",
      "type": "aws_availability_zones",
      "name": "available",
      "provider": "provider[\"registry.terraform.io/hashicorp/aws\"]",
      "instances": [
        {
          "schema_version": 0,
          "attributes": {
            "all_availability_zones": null,
            "exclude_names": null,
            "exclude_zone_ids": null,
            "filter": null,
            "group_names": [
              "us-east-1"
            ],
            "id": "us-east-1",
            "names": [
              "us-east-1a",
              "us-east-1b",
              "us-east-1c",
              "us-east-1d",
              "us-east-1e",
              "us-east-1f"
            ],
            "state": "available",
            "timeouts": null,
            "zone_ids": [
              "use1-az4",
              "use1-az6",
              "use1-az1",
              "use1-az2",
              "use1-az3",
              "use1-az5"
            ]
          },
          "sensitive_attributes": []
        }
      ]
    },
    {
      "mode": "data",
      "type": "aws_caller_identity",
      "name": "current",
      "provider": "provider[\"registry.terraform.io/hashicorp/aws\"]",
      "instances": [
        {
          "schema_version": 0,
          "attributes": {
            "account_id": "895656015678",
            "arn": "arn:aws:iam::895656015678:root",
            "id": "895656015678",
            "user_id": "895656015678"
          },
          "sensitive_attributes": []
        }
      ]
    },
    {
      "mode": "data",
      "type": "aws_eks_cluster",
      "name": "cluster",
      "provider": "provider[\"registry.terraform.io/hashicorp/aws\"]",
      "instances": [
        {
          "schema_version": 0,
          "attributes": {
            "arn": "arn:aws:eks:us-east-1:895656015678:cluster/eks-blueprints",
            "certificate_authority": [
              {
                "data": "LS0tLS1CRUdJTiBDRVJUSUZJQ0FURS0tLS0tCk1JSUMvakNDQWVhZ0F3SUJBZ0lCQURBTkJna3Foa2lHOXcwQkFRc0ZBREFWTVJNd0VRWURWUVFERXdwcmRXSmwKY201bGRHVnpNQjRYRFRJek1ESXlNVEF6TXpjeU1Gb1hEVE16TURJeE9EQXpNemN5TUZvd0ZURVRNQkVHQTFVRQpBeE1LYTNWaVpYSnVaWFJsY3pDQ0FTSXdEUVlKS29aSWh2Y05BUUVCQlFBRGdnRVBBRENDQVFvQ2dnRUJBS2Q1Cjdua3Q3b0RiTTVWbzFiWnpIL3hkclNCaFV6RXhUZW11dzVzajl2V2pTUWVQa3I4UXNFMmlqZjdLVmpDU01INVMKd1ptQ21JRnVhSGxGZ1VsN0U2RzhzclJEczRKcmVzLy80VVd3OEpRMnQ2UHJqYmdDSllwZkVGbGJTV2k1MHJIbQo4NHFaQms1Y1M5RGIyQVU1Q0JVSk5QRklhWnhQTFhmQkJhSEN1NUN4NDRlYlNSc2NjeDQxMG96VytNdlBSQmorCmoyblllSkhBQXFhanhsYWViYWplZnpSY25BaE00K29zWk40QzU1Q054aDR6TkdabDF5aVpmUllDVmU3YjZUT1UKbVlyM2FoSHZoZnFuRmQwcXpTM05KZXRSYlhMa3MxUGtjbm1NVnZJNzl1cTJiRFlrejYva1BVTmI3R3NmSWFDSwpSdWtKWHBseGEvVDVCV1Vlc2tzQ0F3RUFBYU5aTUZjd0RnWURWUjBQQVFIL0JBUURBZ0trTUE4R0ExVWRFd0VCCi93UUZNQU1CQWY4d0hRWURWUjBPQkJZRUZPZEM1bXhRN212V1ZyMEtpNjluOWVESnRCUEJNQlVHQTFVZEVRUU8KTUF5Q0NtdDFZbVZ5Ym1WMFpYTXdEUVlKS29aSWh2Y05BUUVMQlFBRGdnRUJBQTl3Y0JacFkrcmMzRmpMOUNRagpYczhzcjRwZitIY3dKMlBtR280cU03cmVuZENCQVlFWDVNRFRTOVFTVElFVHF1aDJ6a3gvV0o2akFiYVppNXJyCnJ1VjErcE5rallTYmxSbGVYbE5Gc3ArbnNDdm11TCtqNURwMEpuRXp2ZVhUcHFseHBnZFU5Qm9jVk1LNjV0ZDkKaXBMMTNQT3NnTU9ZQTU4Q3M0d3VFb2VWM3FDM3laeUhBdFcvUmhmQW9NTHZqcld1aW1MNjFDUW9ESWtXdWdyRgpsVU5nZERsbllROUc0Ri95OXpESDRUSFkyZkk4c0hzYUZndWRPaU0vUW9zVWNobSthSXAxU2djN1JWVXNRTmRNCnlBZmh0c3F2aVB1OXZWc2ZiU0xhbjZxQjU1K2NIVjQ4cEF0YTFkS0FlNWpwTCsyL2pTQjd3WXVVb1ZDbWNmK0gKV2RnPQotLS0tLUVORCBDRVJUSUZJQ0FURS0tLS0tCg=="
              }
            ],
            "cluster_id": null,
            "created_at": "2023-02-21 03:30:30.229 +0000 UTC",
            "enabled_cluster_log_types": [
              "api",
              "audit",
              "authenticator",
              "controllerManager",
              "scheduler"
            ],
            "endpoint": "https://0B29620E0046F6D8A64D9AF9EFFA5166.gr7.us-east-1.eks.amazonaws.com",
            "id": "eks-blueprints",
            "identity": [
              {
                "oidc": [
                  {
                    "issuer": "https://oidc.eks.us-east-1.amazonaws.com/id/0B29620E0046F6D8A64D9AF9EFFA5166"
                  }
                ]
              }
            ],
            "kubernetes_network_config": [
              {
                "ip_family": "ipv4",
                "service_ipv4_cidr": "172.20.0.0/16",
                "service_ipv6_cidr": ""
              }
            ],
            "name": "eks-blueprints",
            "outpost_config": [],
            "platform_version": "eks.6",
            "role_arn": "arn:aws:iam::895656015678:role/eks-blueprints-cluster-role",
            "status": "ACTIVE",
            "tags": {
              "Blueprint": "eks-blueprints",
              "GithubRepo": "github.com/aws-ia/terraform-aws-eks-blueprints"
            },
            "version": "1.23",
            "vpc_config": [
              {
                "cluster_security_group_id": "sg-03a95a7f5bd0ad7a3",
                "endpoint_private_access": false,
                "endpoint_public_access": true,
                "public_access_cidrs": [
                  "0.0.0.0/0"
                ],
                "security_group_ids": [
                  "sg-0660a511bcf80afeb"
                ],
                "subnet_ids": [
                  "subnet-059ae2b619f635843",
                  "subnet-0753936b5380061a7",
                  "subnet-0ce7c2e4e36b990b0"
                ],
                "vpc_id": "vpc-061c85c0d6e7f64f3"
              }
            ]
          },
          "sensitive_attributes": []
        }
      ]
    },
    {
      "mode": "data",
      "type": "aws_eks_cluster_auth",
      "name": "this",
      "provider": "provider[\"registry.terraform.io/hashicorp/aws\"]",
      "instances": [
        {
          "schema_version": 0,
          "attributes": {
            "id": "eks-blueprints",
            "name": "eks-blueprints",
            "token": "k8s-aws-v1.aHR0cHM6Ly9zdHMuYW1hem9uYXdzLmNvbS8_QWN0aW9uPUdldENhbGxlcklkZW50aXR5JlZlcnNpb249MjAxMS0wNi0xNSZYLUFtei1BbGdvcml0aG09QVdTNC1ITUFDLVNIQTI1NiZYLUFtei1DcmVkZW50aWFsPUFLSUE1QkNLQ0c0N0VDRUY0RUJEJTJGMjAyMzAyMjElMkZ1cy1lYXN0LTElMkZzdHMlMkZhd3M0X3JlcXVlc3QmWC1BbXotRGF0ZT0yMDIzMDIyMVQwNDEyMjNaJlgtQW16LUV4cGlyZXM9MCZYLUFtei1TaWduZWRIZWFkZXJzPWhvc3QlM0J4LWs4cy1hd3MtaWQmWC1BbXotU2lnbmF0dXJlPTM3YWViYWViNDEwYWYzNTBkYjE5Y2NiMzA4ZTViOGI2NzUxYTE2MDJmMmY4MTZhNzdmNzIzZGUwNzFlMDk1YjA"
          },
          "sensitive_attributes": []
        }
      ]
    },
    {
      "mode": "data",
      "type": "aws_region",
      "name": "current",
      "provider": "provider[\"registry.terraform.io/hashicorp/aws\"]",
      "instances": [
        {
          "schema_version": 0,
          "attributes": {
            "description": "US East (N. Virginia)",
            "endpoint": "ec2.us-east-1.amazonaws.com",
            "id": "us-east-1",
            "name": "us-east-1"
          },
          "sensitive_attributes": []
        }
      ]
    },
    {
      "module": "module.vpc",
      "mode": "managed",
      "type": "aws_default_network_acl",
      "name": "this",
      "provider": "provider[\"registry.terraform.io/hashicorp/aws\"]",
      "instances": [
        {
          "index_key": 0,
          "schema_version": 0,
          "attributes": {
            "arn": "arn:aws:ec2:us-east-1:895656015678:network-acl/acl-067a92efe98a783b2",
            "default_network_acl_id": "acl-067a92efe98a783b2",
            "egress": [
              {
                "action": "allow",
                "cidr_block": "",
                "from_port": 0,
                "icmp_code": 0,
                "icmp_type": 0,
                "ipv6_cidr_block": "::/0",
                "protocol": "-1",
                "rule_no": 101,
                "to_port": 0
              },
              {
                "action": "allow",
                "cidr_block": "0.0.0.0/0",
                "from_port": 0,
                "icmp_code": 0,
                "icmp_type": 0,
                "ipv6_cidr_block": "",
                "protocol": "-1",
                "rule_no": 100,
                "to_port": 0
              }
            ],
            "id": "acl-067a92efe98a783b2",
            "ingress": [
              {
                "action": "allow",
                "cidr_block": "",
                "from_port": 0,
                "icmp_code": 0,
                "icmp_type": 0,
                "ipv6_cidr_block": "::/0",
                "protocol": "-1",
                "rule_no": 101,
                "to_port": 0
              },
              {
                "action": "allow",
                "cidr_block": "0.0.0.0/0",
                "from_port": 0,
                "icmp_code": 0,
                "icmp_type": 0,
                "ipv6_cidr_block": "",
                "protocol": "-1",
                "rule_no": 100,
                "to_port": 0
              }
            ],
            "owner_id": "895656015678",
            "subnet_ids": [
              "subnet-0137263e15464637f",
              "subnet-059ae2b619f635843",
              "subnet-0753936b5380061a7",
              "subnet-09c78aabf8eca20a0",
              "subnet-0ce7c2e4e36b990b0",
              "subnet-0e90a95bcf9840fd0"
            ],
            "tags": {
              "Blueprint": "eks-blueprints",
              "GithubRepo": "github.com/aws-ia/terraform-aws-eks-blueprints",
              "Name": "eks-blueprints-default"
            },
            "tags_all": {
              "Blueprint": "eks-blueprints",
              "GithubRepo": "github.com/aws-ia/terraform-aws-eks-blueprints",
              "Name": "eks-blueprints-default"
            },
            "vpc_id": "vpc-061c85c0d6e7f64f3"
          },
          "sensitive_attributes": [],
          "private": "bnVsbA==",
          "dependencies": [
            "module.vpc.aws_vpc.this"
          ]
        }
      ]
    },
    {
      "module": "module.vpc",
      "mode": "managed",
      "type": "aws_default_route_table",
      "name": "default",
      "provider": "provider[\"registry.terraform.io/hashicorp/aws\"]",
      "instances": [
        {
          "index_key": 0,
          "schema_version": 0,
          "attributes": {
            "arn": "arn:aws:ec2:us-east-1:895656015678:route-table/rtb-08f18f8563c183d4b",
            "default_route_table_id": "rtb-08f18f8563c183d4b",
            "id": "rtb-08f18f8563c183d4b",
            "owner_id": "895656015678",
            "propagating_vgws": [],
            "route": [],
            "tags": {
              "Blueprint": "eks-blueprints",
              "GithubRepo": "github.com/aws-ia/terraform-aws-eks-blueprints",
              "Name": "eks-blueprints-default"
            },
            "tags_all": {
              "Blueprint": "eks-blueprints",
              "GithubRepo": "github.com/aws-ia/terraform-aws-eks-blueprints",
              "Name": "eks-blueprints-default"
            },
            "timeouts": {
              "create": "5m",
              "update": "5m"
            },
            "vpc_id": "vpc-061c85c0d6e7f64f3"
          },
          "sensitive_attributes": [],
          "private": "eyJlMmJmYjczMC1lY2FhLTExZTYtOGY4OC0zNDM2M2JjN2M0YzAiOnsiY3JlYXRlIjozMDAwMDAwMDAwMDAsInVwZGF0ZSI6MzAwMDAwMDAwMDAwfX0=",
          "dependencies": [
            "module.vpc.aws_vpc.this"
          ]
        }
      ]
    },
    {
      "module": "module.vpc",
      "mode": "managed",
      "type": "aws_default_security_group",
      "name": "this",
      "provider": "provider[\"registry.terraform.io/hashicorp/aws\"]",
      "instances": [
        {
          "index_key": 0,
          "schema_version": 1,
          "attributes": {
            "arn": "arn:aws:ec2:us-east-1:895656015678:security-group/sg-016c70d276cf43df1",
            "description": "default VPC security group",
            "egress": [],
            "id": "sg-016c70d276cf43df1",
            "ingress": [],
            "name": "default",
            "name_prefix": "",
            "owner_id": "895656015678",
            "revoke_rules_on_delete": false,
            "tags": {
              "Blueprint": "eks-blueprints",
              "GithubRepo": "github.com/aws-ia/terraform-aws-eks-blueprints",
              "Name": "eks-blueprints-default"
            },
            "tags_all": {
              "Blueprint": "eks-blueprints",
              "GithubRepo": "github.com/aws-ia/terraform-aws-eks-blueprints",
              "Name": "eks-blueprints-default"
            },
            "vpc_id": "vpc-061c85c0d6e7f64f3"
          },
          "sensitive_attributes": [],
          "private": "eyJzY2hlbWFfdmVyc2lvbiI6IjEifQ==",
          "dependencies": [
            "module.vpc.aws_vpc.this"
          ]
        }
      ]
    },
    {
      "module": "module.vpc",
      "mode": "managed",
      "type": "aws_eip",
      "name": "nat",
      "provider": "provider[\"registry.terraform.io/hashicorp/aws\"]",
      "instances": [
        {
          "index_key": 0,
          "schema_version": 0,
          "attributes": {
            "address": null,
            "allocation_id": "eipalloc-0e4ca18aa0dd9109c",
            "associate_with_private_ip": null,
            "association_id": "eipassoc-0bf067c8d5ed18d68",
            "carrier_ip": "",
            "customer_owned_ip": "",
            "customer_owned_ipv4_pool": "",
            "domain": "vpc",
            "id": "eipalloc-0e4ca18aa0dd9109c",
            "instance": "",
            "network_border_group": "us-east-1",
            "network_interface": "eni-0ab7042ef49ab06b5",
            "private_dns": "ip-10-0-0-139.ec2.internal",
            "private_ip": "10.0.0.139",
            "public_dns": "ec2-54-235-82-71.compute-1.amazonaws.com",
            "public_ip": "54.235.82.71",
            "public_ipv4_pool": "amazon",
            "tags": {
              "Blueprint": "eks-blueprints",
              "GithubRepo": "github.com/aws-ia/terraform-aws-eks-blueprints",
              "Name": "eks-blueprints-us-east-1a"
            },
            "tags_all": {
              "Blueprint": "eks-blueprints",
              "GithubRepo": "github.com/aws-ia/terraform-aws-eks-blueprints",
              "Name": "eks-blueprints-us-east-1a"
            },
            "timeouts": null,
            "vpc": true
          },
          "sensitive_attributes": [],
          "private": "eyJlMmJmYjczMC1lY2FhLTExZTYtOGY4OC0zNDM2M2JjN2M0YzAiOnsiZGVsZXRlIjoxODAwMDAwMDAwMDAsInJlYWQiOjkwMDAwMDAwMDAwMCwidXBkYXRlIjozMDAwMDAwMDAwMDB9fQ==",
          "dependencies": [
            "data.aws_availability_zones.available"
          ]
        }
      ]
    },
    {
      "module": "module.vpc",
      "mode": "managed",
      "type": "aws_internet_gateway",
      "name": "this",
      "provider": "provider[\"registry.terraform.io/hashicorp/aws\"]",
      "instances": [
        {
          "index_key": 0,
          "schema_version": 0,
          "attributes": {
            "arn": "arn:aws:ec2:us-east-1:895656015678:internet-gateway/igw-03ca19f5b5d2671b1",
            "id": "igw-03ca19f5b5d2671b1",
            "owner_id": "895656015678",
            "tags": {
              "Blueprint": "eks-blueprints",
              "GithubRepo": "github.com/aws-ia/terraform-aws-eks-blueprints",
              "Name": "eks-blueprints"
            },
            "tags_all": {
              "Blueprint": "eks-blueprints",
              "GithubRepo": "github.com/aws-ia/terraform-aws-eks-blueprints",
              "Name": "eks-blueprints"
            },
            "timeouts": null,
            "vpc_id": "vpc-061c85c0d6e7f64f3"
          },
          "sensitive_attributes": [],
          "private": "eyJlMmJmYjczMC1lY2FhLTExZTYtOGY4OC0zNDM2M2JjN2M0YzAiOnsiY3JlYXRlIjoxMjAwMDAwMDAwMDAwLCJkZWxldGUiOjEyMDAwMDAwMDAwMDAsInVwZGF0ZSI6MTIwMDAwMDAwMDAwMH19",
          "dependencies": [
            "data.aws_availability_zones.available",
            "module.vpc.aws_vpc.this",
            "module.vpc.aws_vpc_ipv4_cidr_block_association.this"
          ]
        }
      ]
    },
    {
      "module": "module.vpc",
      "mode": "managed",
      "type": "aws_nat_gateway",
      "name": "this",
      "provider": "provider[\"registry.terraform.io/hashicorp/aws\"]",
      "instances": [
        {
          "index_key": 0,
          "schema_version": 0,
          "attributes": {
            "allocation_id": "eipalloc-0e4ca18aa0dd9109c",
            "connectivity_type": "public",
            "id": "nat-000ba87f5ee87f122",
            "network_interface_id": "eni-0ab7042ef49ab06b5",
            "private_ip": "10.0.0.139",
            "public_ip": "54.235.82.71",
            "subnet_id": "subnet-09c78aabf8eca20a0",
            "tags": {
              "Blueprint": "eks-blueprints",
              "GithubRepo": "github.com/aws-ia/terraform-aws-eks-blueprints",
              "Name": "eks-blueprints-us-east-1a"
            },
            "tags_all": {
              "Blueprint": "eks-blueprints",
              "GithubRepo": "github.com/aws-ia/terraform-aws-eks-blueprints",
              "Name": "eks-blueprints-us-east-1a"
            }
          },
          "sensitive_attributes": [],
          "private": "bnVsbA==",
          "dependencies": [
            "data.aws_availability_zones.available",
            "module.vpc.aws_eip.nat",
            "module.vpc.aws_internet_gateway.this",
            "module.vpc.aws_subnet.public",
            "module.vpc.aws_vpc.this",
            "module.vpc.aws_vpc_ipv4_cidr_block_association.this"
          ]
        }
      ]
    },
    {
      "module": "module.vpc",
      "mode": "managed",
      "type": "aws_route",
      "name": "private_nat_gateway",
      "provider": "provider[\"registry.terraform.io/hashicorp/aws\"]",
      "instances": [
        {
          "index_key": 0,
          "schema_version": 0,
          "attributes": {
            "carrier_gateway_id": "",
            "core_network_arn": "",
            "destination_cidr_block": "0.0.0.0/0",
            "destination_ipv6_cidr_block": "",
            "destination_prefix_list_id": "",
            "egress_only_gateway_id": "",
            "gateway_id": "",
            "id": "r-rtb-05b4fd7f72782eaa21080289494",
            "instance_id": "",
            "instance_owner_id": "",
            "local_gateway_id": "",
            "nat_gateway_id": "nat-000ba87f5ee87f122",
            "network_interface_id": "",
            "origin": "CreateRoute",
            "route_table_id": "rtb-05b4fd7f72782eaa2",
            "state": "active",
            "timeouts": {
              "create": "5m",
              "delete": null,
              "update": null
            },
            "transit_gateway_id": "",
            "vpc_endpoint_id": "",
            "vpc_peering_connection_id": ""
          },
          "sensitive_attributes": [],
          "private": "eyJlMmJmYjczMC1lY2FhLTExZTYtOGY4OC0zNDM2M2JjN2M0YzAiOnsiY3JlYXRlIjozMDAwMDAwMDAwMDAsImRlbGV0ZSI6MzAwMDAwMDAwMDAwLCJ1cGRhdGUiOjEyMDAwMDAwMDAwMH19",
          "dependencies": [
            "data.aws_availability_zones.available",
            "module.vpc.aws_eip.nat",
            "module.vpc.aws_internet_gateway.this",
            "module.vpc.aws_nat_gateway.this",
            "module.vpc.aws_route_table.private",
            "module.vpc.aws_subnet.public",
            "module.vpc.aws_vpc.this",
            "module.vpc.aws_vpc_ipv4_cidr_block_association.this"
          ]
        }
      ]
    },
    {
      "module": "module.vpc",
      "mode": "managed",
      "type": "aws_route",
      "name": "public_internet_gateway",
      "provider": "provider[\"registry.terraform.io/hashicorp/aws\"]",
      "instances": [
        {
          "index_key": 0,
          "schema_version": 0,
          "attributes": {
            "carrier_gateway_id": "",
            "core_network_arn": "",
            "destination_cidr_block": "0.0.0.0/0",
            "destination_ipv6_cidr_block": "",
            "destination_prefix_list_id": "",
            "egress_only_gateway_id": "",
            "gateway_id": "igw-03ca19f5b5d2671b1",
            "id": "r-rtb-0cd1990418a0b690d1080289494",
            "instance_id": "",
            "instance_owner_id": "",
            "local_gateway_id": "",
            "nat_gateway_id": "",
            "network_interface_id": "",
            "origin": "CreateRoute",
            "route_table_id": "rtb-0cd1990418a0b690d",
            "state": "active",
            "timeouts": {
              "create": "5m",
              "delete": null,
              "update": null
            },
            "transit_gateway_id": "",
            "vpc_endpoint_id": "",
            "vpc_peering_connection_id": ""
          },
          "sensitive_attributes": [],
          "private": "eyJlMmJmYjczMC1lY2FhLTExZTYtOGY4OC0zNDM2M2JjN2M0YzAiOnsiY3JlYXRlIjozMDAwMDAwMDAwMDAsImRlbGV0ZSI6MzAwMDAwMDAwMDAwLCJ1cGRhdGUiOjEyMDAwMDAwMDAwMH19",
          "dependencies": [
            "data.aws_availability_zones.available",
            "module.vpc.aws_internet_gateway.this",
            "module.vpc.aws_route_table.public",
            "module.vpc.aws_vpc.this",
            "module.vpc.aws_vpc_ipv4_cidr_block_association.this"
          ]
        }
      ]
    },
    {
      "module": "module.vpc",
      "mode": "managed",
      "type": "aws_route_table",
      "name": "private",
      "provider": "provider[\"registry.terraform.io/hashicorp/aws\"]",
      "instances": [
        {
          "index_key": 0,
          "schema_version": 0,
          "attributes": {
            "arn": "arn:aws:ec2:us-east-1:895656015678:route-table/rtb-05b4fd7f72782eaa2",
            "id": "rtb-05b4fd7f72782eaa2",
            "owner_id": "895656015678",
            "propagating_vgws": [],
            "route": [
              {
                "carrier_gateway_id": "",
                "cidr_block": "0.0.0.0/0",
                "core_network_arn": "",
                "destination_prefix_list_id": "",
                "egress_only_gateway_id": "",
                "gateway_id": "",
                "instance_id": "",
                "ipv6_cidr_block": "",
                "local_gateway_id": "",
                "nat_gateway_id": "nat-000ba87f5ee87f122",
                "network_interface_id": "",
                "transit_gateway_id": "",
                "vpc_endpoint_id": "",
                "vpc_peering_connection_id": ""
              }
            ],
            "tags": {
              "Blueprint": "eks-blueprints",
              "GithubRepo": "github.com/aws-ia/terraform-aws-eks-blueprints",
              "Name": "eks-blueprints-private"
            },
            "tags_all": {
              "Blueprint": "eks-blueprints",
              "GithubRepo": "github.com/aws-ia/terraform-aws-eks-blueprints",
              "Name": "eks-blueprints-private"
            },
            "timeouts": null,
            "vpc_id": "vpc-061c85c0d6e7f64f3"
          },
          "sensitive_attributes": [],
          "private": "eyJlMmJmYjczMC1lY2FhLTExZTYtOGY4OC0zNDM2M2JjN2M0YzAiOnsiY3JlYXRlIjozMDAwMDAwMDAwMDAsImRlbGV0ZSI6MzAwMDAwMDAwMDAwLCJ1cGRhdGUiOjEyMDAwMDAwMDAwMH19",
          "dependencies": [
            "data.aws_availability_zones.available",
            "module.vpc.aws_vpc.this",
            "module.vpc.aws_vpc_ipv4_cidr_block_association.this"
          ]
        }
      ]
    },
    {
      "module": "module.vpc",
      "mode": "managed",
      "type": "aws_route_table",
      "name": "public",
      "provider": "provider[\"registry.terraform.io/hashicorp/aws\"]",
      "instances": [
        {
          "index_key": 0,
          "schema_version": 0,
          "attributes": {
            "arn": "arn:aws:ec2:us-east-1:895656015678:route-table/rtb-0cd1990418a0b690d",
            "id": "rtb-0cd1990418a0b690d",
            "owner_id": "895656015678",
            "propagating_vgws": [],
            "route": [
              {
                "carrier_gateway_id": "",
                "cidr_block": "0.0.0.0/0",
                "core_network_arn": "",
                "destination_prefix_list_id": "",
                "egress_only_gateway_id": "",
                "gateway_id": "igw-03ca19f5b5d2671b1",
                "instance_id": "",
                "ipv6_cidr_block": "",
                "local_gateway_id": "",
                "nat_gateway_id": "",
                "network_interface_id": "",
                "transit_gateway_id": "",
                "vpc_endpoint_id": "",
                "vpc_peering_connection_id": ""
              }
            ],
            "tags": {
              "Blueprint": "eks-blueprints",
              "GithubRepo": "github.com/aws-ia/terraform-aws-eks-blueprints",
              "Name": "eks-blueprints-public"
            },
            "tags_all": {
              "Blueprint": "eks-blueprints",
              "GithubRepo": "github.com/aws-ia/terraform-aws-eks-blueprints",
              "Name": "eks-blueprints-public"
            },
            "timeouts": null,
            "vpc_id": "vpc-061c85c0d6e7f64f3"
          },
          "sensitive_attributes": [],
          "private": "eyJlMmJmYjczMC1lY2FhLTExZTYtOGY4OC0zNDM2M2JjN2M0YzAiOnsiY3JlYXRlIjozMDAwMDAwMDAwMDAsImRlbGV0ZSI6MzAwMDAwMDAwMDAwLCJ1cGRhdGUiOjEyMDAwMDAwMDAwMH19",
          "dependencies": [
            "data.aws_availability_zones.available",
            "module.vpc.aws_vpc.this",
            "module.vpc.aws_vpc_ipv4_cidr_block_association.this"
          ]
        }
      ]
    },
    {
      "module": "module.vpc",
      "mode": "managed",
      "type": "aws_route_table_association",
      "name": "private",
      "provider": "provider[\"registry.terraform.io/hashicorp/aws\"]",
      "instances": [
        {
          "index_key": 0,
          "schema_version": 0,
          "attributes": {
            "gateway_id": "",
            "id": "rtbassoc-09403fd338397d315",
            "route_table_id": "rtb-05b4fd7f72782eaa2",
            "subnet_id": "subnet-0ce7c2e4e36b990b0"
          },
          "sensitive_attributes": [],
          "private": "bnVsbA==",
          "dependencies": [
            "data.aws_availability_zones.available",
            "module.vpc.aws_route_table.private",
            "module.vpc.aws_subnet.private",
            "module.vpc.aws_vpc.this",
            "module.vpc.aws_vpc_ipv4_cidr_block_association.this"
          ]
        },
        {
          "index_key": 1,
          "schema_version": 0,
          "attributes": {
            "gateway_id": "",
            "id": "rtbassoc-07832943343ebd9ea",
            "route_table_id": "rtb-05b4fd7f72782eaa2",
            "subnet_id": "subnet-059ae2b619f635843"
          },
          "sensitive_attributes": [],
          "private": "bnVsbA==",
          "dependencies": [
            "data.aws_availability_zones.available",
            "module.vpc.aws_route_table.private",
            "module.vpc.aws_subnet.private",
            "module.vpc.aws_vpc.this",
            "module.vpc.aws_vpc_ipv4_cidr_block_association.this"
          ]
        },
        {
          "index_key": 2,
          "schema_version": 0,
          "attributes": {
            "gateway_id": "",
            "id": "rtbassoc-0302c7e2fef6b6f4f",
            "route_table_id": "rtb-05b4fd7f72782eaa2",
            "subnet_id": "subnet-0753936b5380061a7"
          },
          "sensitive_attributes": [],
          "private": "bnVsbA==",
          "dependencies": [
            "data.aws_availability_zones.available",
            "module.vpc.aws_route_table.private",
            "module.vpc.aws_subnet.private",
            "module.vpc.aws_vpc.this",
            "module.vpc.aws_vpc_ipv4_cidr_block_association.this"
          ]
        }
      ]
    },
    {
      "module": "module.vpc",
      "mode": "managed",
      "type": "aws_route_table_association",
      "name": "public",
      "provider": "provider[\"registry.terraform.io/hashicorp/aws\"]",
      "instances": [
        {
          "index_key": 0,
          "schema_version": 0,
          "attributes": {
            "gateway_id": "",
            "id": "rtbassoc-057d0648eb79daf50",
            "route_table_id": "rtb-0cd1990418a0b690d",
            "subnet_id": "subnet-09c78aabf8eca20a0"
          },
          "sensitive_attributes": [],
          "private": "bnVsbA==",
          "dependencies": [
            "data.aws_availability_zones.available",
            "module.vpc.aws_route_table.public",
            "module.vpc.aws_subnet.public",
            "module.vpc.aws_vpc.this",
            "module.vpc.aws_vpc_ipv4_cidr_block_association.this"
          ]
        },
        {
          "index_key": 1,
          "schema_version": 0,
          "attributes": {
            "gateway_id": "",
            "id": "rtbassoc-07d93eb9527110dad",
            "route_table_id": "rtb-0cd1990418a0b690d",
            "subnet_id": "subnet-0137263e15464637f"
          },
          "sensitive_attributes": [],
          "private": "bnVsbA==",
          "dependencies": [
            "data.aws_availability_zones.available",
            "module.vpc.aws_route_table.public",
            "module.vpc.aws_subnet.public",
            "module.vpc.aws_vpc.this",
            "module.vpc.aws_vpc_ipv4_cidr_block_association.this"
          ]
        },
        {
          "index_key": 2,
          "schema_version": 0,
          "attributes": {
            "gateway_id": "",
            "id": "rtbassoc-03d9bc72d1eb42c87",
            "route_table_id": "rtb-0cd1990418a0b690d",
            "subnet_id": "subnet-0e90a95bcf9840fd0"
          },
          "sensitive_attributes": [],
          "private": "bnVsbA==",
          "dependencies": [
            "data.aws_availability_zones.available",
            "module.vpc.aws_route_table.public",
            "module.vpc.aws_subnet.public",
            "module.vpc.aws_vpc.this",
            "module.vpc.aws_vpc_ipv4_cidr_block_association.this"
          ]
        }
      ]
    },
    {
      "module": "module.vpc",
      "mode": "managed",
      "type": "aws_subnet",
      "name": "private",
      "provider": "provider[\"registry.terraform.io/hashicorp/aws\"]",
      "instances": [
        {
          "index_key": 0,
          "schema_version": 1,
          "attributes": {
            "arn": "arn:aws:ec2:us-east-1:895656015678:subnet/subnet-0ce7c2e4e36b990b0",
            "assign_ipv6_address_on_creation": false,
            "availability_zone": "us-east-1a",
            "availability_zone_id": "use1-az4",
            "cidr_block": "10.0.10.0/24",
            "customer_owned_ipv4_pool": "",
            "enable_dns64": false,
            "enable_resource_name_dns_a_record_on_launch": false,
            "enable_resource_name_dns_aaaa_record_on_launch": false,
            "id": "subnet-0ce7c2e4e36b990b0",
            "ipv6_cidr_block": "",
            "ipv6_cidr_block_association_id": "",
            "ipv6_native": false,
            "map_customer_owned_ip_on_launch": false,
            "map_public_ip_on_launch": false,
            "outpost_arn": "",
            "owner_id": "895656015678",
            "private_dns_hostname_type_on_launch": "ip-name",
            "tags": {
              "Blueprint": "eks-blueprints",
              "GithubRepo": "github.com/aws-ia/terraform-aws-eks-blueprints",
              "Name": "eks-blueprints-private-us-east-1a",
              "kubernetes.io/cluster/eks-blueprints": "shared",
              "kubernetes.io/role/internal-elb": "1"
            },
            "tags_all": {
              "Blueprint": "eks-blueprints",
              "GithubRepo": "github.com/aws-ia/terraform-aws-eks-blueprints",
              "Name": "eks-blueprints-private-us-east-1a",
              "kubernetes.io/cluster/eks-blueprints": "shared",
              "kubernetes.io/role/internal-elb": "1"
            },
            "timeouts": null,
            "vpc_id": "vpc-061c85c0d6e7f64f3"
          },
          "sensitive_attributes": [],
          "private": "eyJlMmJmYjczMC1lY2FhLTExZTYtOGY4OC0zNDM2M2JjN2M0YzAiOnsiY3JlYXRlIjo2MDAwMDAwMDAwMDAsImRlbGV0ZSI6MTIwMDAwMDAwMDAwMH0sInNjaGVtYV92ZXJzaW9uIjoiMSJ9",
          "dependencies": [
            "data.aws_availability_zones.available",
            "module.vpc.aws_vpc.this",
            "module.vpc.aws_vpc_ipv4_cidr_block_association.this"
          ],
          "create_before_destroy": true
        },
        {
          "index_key": 1,
          "schema_version": 1,
          "attributes": {
            "arn": "arn:aws:ec2:us-east-1:895656015678:subnet/subnet-059ae2b619f635843",
            "assign_ipv6_address_on_creation": false,
            "availability_zone": "us-east-1b",
            "availability_zone_id": "use1-az6",
            "cidr_block": "10.0.11.0/24",
            "customer_owned_ipv4_pool": "",
            "enable_dns64": false,
            "enable_resource_name_dns_a_record_on_launch": false,
            "enable_resource_name_dns_aaaa_record_on_launch": false,
            "id": "subnet-059ae2b619f635843",
            "ipv6_cidr_block": "",
            "ipv6_cidr_block_association_id": "",
            "ipv6_native": false,
            "map_customer_owned_ip_on_launch": false,
            "map_public_ip_on_launch": false,
            "outpost_arn": "",
            "owner_id": "895656015678",
            "private_dns_hostname_type_on_launch": "ip-name",
            "tags": {
              "Blueprint": "eks-blueprints",
              "GithubRepo": "github.com/aws-ia/terraform-aws-eks-blueprints",
              "Name": "eks-blueprints-private-us-east-1b",
              "kubernetes.io/cluster/eks-blueprints": "shared",
              "kubernetes.io/role/internal-elb": "1"
            },
            "tags_all": {
              "Blueprint": "eks-blueprints",
              "GithubRepo": "github.com/aws-ia/terraform-aws-eks-blueprints",
              "Name": "eks-blueprints-private-us-east-1b",
              "kubernetes.io/cluster/eks-blueprints": "shared",
              "kubernetes.io/role/internal-elb": "1"
            },
            "timeouts": null,
            "vpc_id": "vpc-061c85c0d6e7f64f3"
          },
          "sensitive_attributes": [],
          "private": "eyJlMmJmYjczMC1lY2FhLTExZTYtOGY4OC0zNDM2M2JjN2M0YzAiOnsiY3JlYXRlIjo2MDAwMDAwMDAwMDAsImRlbGV0ZSI6MTIwMDAwMDAwMDAwMH0sInNjaGVtYV92ZXJzaW9uIjoiMSJ9",
          "dependencies": [
            "data.aws_availability_zones.available",
            "module.vpc.aws_vpc.this",
            "module.vpc.aws_vpc_ipv4_cidr_block_association.this"
          ],
          "create_before_destroy": true
        },
        {
          "index_key": 2,
          "schema_version": 1,
          "attributes": {
            "arn": "arn:aws:ec2:us-east-1:895656015678:subnet/subnet-0753936b5380061a7",
            "assign_ipv6_address_on_creation": false,
            "availability_zone": "us-east-1c",
            "availability_zone_id": "use1-az1",
            "cidr_block": "10.0.12.0/24",
            "customer_owned_ipv4_pool": "",
            "enable_dns64": false,
            "enable_resource_name_dns_a_record_on_launch": false,
            "enable_resource_name_dns_aaaa_record_on_launch": false,
            "id": "subnet-0753936b5380061a7",
            "ipv6_cidr_block": "",
            "ipv6_cidr_block_association_id": "",
            "ipv6_native": false,
            "map_customer_owned_ip_on_launch": false,
            "map_public_ip_on_launch": false,
            "outpost_arn": "",
            "owner_id": "895656015678",
            "private_dns_hostname_type_on_launch": "ip-name",
            "tags": {
              "Blueprint": "eks-blueprints",
              "GithubRepo": "github.com/aws-ia/terraform-aws-eks-blueprints",
              "Name": "eks-blueprints-private-us-east-1c",
              "kubernetes.io/cluster/eks-blueprints": "shared",
              "kubernetes.io/role/internal-elb": "1"
            },
            "tags_all": {
              "Blueprint": "eks-blueprints",
              "GithubRepo": "github.com/aws-ia/terraform-aws-eks-blueprints",
              "Name": "eks-blueprints-private-us-east-1c",
              "kubernetes.io/cluster/eks-blueprints": "shared",
              "kubernetes.io/role/internal-elb": "1"
            },
            "timeouts": null,
            "vpc_id": "vpc-061c85c0d6e7f64f3"
          },
          "sensitive_attributes": [],
          "private": "eyJlMmJmYjczMC1lY2FhLTExZTYtOGY4OC0zNDM2M2JjN2M0YzAiOnsiY3JlYXRlIjo2MDAwMDAwMDAwMDAsImRlbGV0ZSI6MTIwMDAwMDAwMDAwMH0sInNjaGVtYV92ZXJzaW9uIjoiMSJ9",
          "dependencies": [
            "data.aws_availability_zones.available",
            "module.vpc.aws_vpc.this",
            "module.vpc.aws_vpc_ipv4_cidr_block_association.this"
          ],
          "create_before_destroy": true
        }
      ]
    },
    {
      "module": "module.vpc",
      "mode": "managed",
      "type": "aws_subnet",
      "name": "public",
      "provider": "provider[\"registry.terraform.io/hashicorp/aws\"]",
      "instances": [
        {
          "index_key": 0,
          "schema_version": 1,
          "attributes": {
            "arn": "arn:aws:ec2:us-east-1:895656015678:subnet/subnet-09c78aabf8eca20a0",
            "assign_ipv6_address_on_creation": false,
            "availability_zone": "us-east-1a",
            "availability_zone_id": "use1-az4",
            "cidr_block": "10.0.0.0/24",
            "customer_owned_ipv4_pool": "",
            "enable_dns64": false,
            "enable_resource_name_dns_a_record_on_launch": false,
            "enable_resource_name_dns_aaaa_record_on_launch": false,
            "id": "subnet-09c78aabf8eca20a0",
            "ipv6_cidr_block": "",
            "ipv6_cidr_block_association_id": "",
            "ipv6_native": false,
            "map_customer_owned_ip_on_launch": false,
            "map_public_ip_on_launch": true,
            "outpost_arn": "",
            "owner_id": "895656015678",
            "private_dns_hostname_type_on_launch": "ip-name",
            "tags": {
              "Blueprint": "eks-blueprints",
              "GithubRepo": "github.com/aws-ia/terraform-aws-eks-blueprints",
              "Name": "eks-blueprints-public-us-east-1a",
              "kubernetes.io/cluster/eks-blueprints": "shared",
              "kubernetes.io/role/elb": "1"
            },
            "tags_all": {
              "Blueprint": "eks-blueprints",
              "GithubRepo": "github.com/aws-ia/terraform-aws-eks-blueprints",
              "Name": "eks-blueprints-public-us-east-1a",
              "kubernetes.io/cluster/eks-blueprints": "shared",
              "kubernetes.io/role/elb": "1"
            },
            "timeouts": null,
            "vpc_id": "vpc-061c85c0d6e7f64f3"
          },
          "sensitive_attributes": [],
          "private": "eyJlMmJmYjczMC1lY2FhLTExZTYtOGY4OC0zNDM2M2JjN2M0YzAiOnsiY3JlYXRlIjo2MDAwMDAwMDAwMDAsImRlbGV0ZSI6MTIwMDAwMDAwMDAwMH0sInNjaGVtYV92ZXJzaW9uIjoiMSJ9",
          "dependencies": [
            "data.aws_availability_zones.available",
            "module.vpc.aws_vpc.this",
            "module.vpc.aws_vpc_ipv4_cidr_block_association.this"
          ]
        },
        {
          "index_key": 1,
          "schema_version": 1,
          "attributes": {
            "arn": "arn:aws:ec2:us-east-1:895656015678:subnet/subnet-0137263e15464637f",
            "assign_ipv6_address_on_creation": false,
            "availability_zone": "us-east-1b",
            "availability_zone_id": "use1-az6",
            "cidr_block": "10.0.1.0/24",
            "customer_owned_ipv4_pool": "",
            "enable_dns64": false,
            "enable_resource_name_dns_a_record_on_launch": false,
            "enable_resource_name_dns_aaaa_record_on_launch": false,
            "id": "subnet-0137263e15464637f",
            "ipv6_cidr_block": "",
            "ipv6_cidr_block_association_id": "",
            "ipv6_native": false,
            "map_customer_owned_ip_on_launch": false,
            "map_public_ip_on_launch": true,
            "outpost_arn": "",
            "owner_id": "895656015678",
            "private_dns_hostname_type_on_launch": "ip-name",
            "tags": {
              "Blueprint": "eks-blueprints",
              "GithubRepo": "github.com/aws-ia/terraform-aws-eks-blueprints",
              "Name": "eks-blueprints-public-us-east-1b",
              "kubernetes.io/cluster/eks-blueprints": "shared",
              "kubernetes.io/role/elb": "1"
            },
            "tags_all": {
              "Blueprint": "eks-blueprints",
              "GithubRepo": "github.com/aws-ia/terraform-aws-eks-blueprints",
              "Name": "eks-blueprints-public-us-east-1b",
              "kubernetes.io/cluster/eks-blueprints": "shared",
              "kubernetes.io/role/elb": "1"
            },
            "timeouts": null,
            "vpc_id": "vpc-061c85c0d6e7f64f3"
          },
          "sensitive_attributes": [],
          "private": "eyJlMmJmYjczMC1lY2FhLTExZTYtOGY4OC0zNDM2M2JjN2M0YzAiOnsiY3JlYXRlIjo2MDAwMDAwMDAwMDAsImRlbGV0ZSI6MTIwMDAwMDAwMDAwMH0sInNjaGVtYV92ZXJzaW9uIjoiMSJ9",
          "dependencies": [
            "data.aws_availability_zones.available",
            "module.vpc.aws_vpc.this",
            "module.vpc.aws_vpc_ipv4_cidr_block_association.this"
          ]
        },
        {
          "index_key": 2,
          "schema_version": 1,
          "attributes": {
            "arn": "arn:aws:ec2:us-east-1:895656015678:subnet/subnet-0e90a95bcf9840fd0",
            "assign_ipv6_address_on_creation": false,
            "availability_zone": "us-east-1c",
            "availability_zone_id": "use1-az1",
            "cidr_block": "10.0.2.0/24",
            "customer_owned_ipv4_pool": "",
            "enable_dns64": false,
            "enable_resource_name_dns_a_record_on_launch": false,
            "enable_resource_name_dns_aaaa_record_on_launch": false,
            "id": "subnet-0e90a95bcf9840fd0",
            "ipv6_cidr_block": "",
            "ipv6_cidr_block_association_id": "",
            "ipv6_native": false,
            "map_customer_owned_ip_on_launch": false,
            "map_public_ip_on_launch": true,
            "outpost_arn": "",
            "owner_id": "895656015678",
            "private_dns_hostname_type_on_launch": "ip-name",
            "tags": {
              "Blueprint": "eks-blueprints",
              "GithubRepo": "github.com/aws-ia/terraform-aws-eks-blueprints",
              "Name": "eks-blueprints-public-us-east-1c",
              "kubernetes.io/cluster/eks-blueprints": "shared",
              "kubernetes.io/role/elb": "1"
            },
            "tags_all": {
              "Blueprint": "eks-blueprints",
              "GithubRepo": "github.com/aws-ia/terraform-aws-eks-blueprints",
              "Name": "eks-blueprints-public-us-east-1c",
              "kubernetes.io/cluster/eks-blueprints": "shared",
              "kubernetes.io/role/elb": "1"
            },
            "timeouts": null,
            "vpc_id": "vpc-061c85c0d6e7f64f3"
          },
          "sensitive_attributes": [],
          "private": "eyJlMmJmYjczMC1lY2FhLTExZTYtOGY4OC0zNDM2M2JjN2M0YzAiOnsiY3JlYXRlIjo2MDAwMDAwMDAwMDAsImRlbGV0ZSI6MTIwMDAwMDAwMDAwMH0sInNjaGVtYV92ZXJzaW9uIjoiMSJ9",
          "dependencies": [
            "data.aws_availability_zones.available",
            "module.vpc.aws_vpc.this",
            "module.vpc.aws_vpc_ipv4_cidr_block_association.this"
          ]
        }
      ]
    },
    {
      "module": "module.vpc",
      "mode": "managed",
      "type": "aws_vpc",
      "name": "this",
      "provider": "provider[\"registry.terraform.io/hashicorp/aws\"]",
      "instances": [
        {
          "index_key": 0,
          "schema_version": 1,
          "attributes": {
            "arn": "arn:aws:ec2:us-east-1:895656015678:vpc/vpc-061c85c0d6e7f64f3",
            "assign_generated_ipv6_cidr_block": false,
            "cidr_block": "10.0.0.0/16",
            "default_network_acl_id": "acl-067a92efe98a783b2",
            "default_route_table_id": "rtb-08f18f8563c183d4b",
            "default_security_group_id": "sg-016c70d276cf43df1",
            "dhcp_options_id": "dopt-6cd96916",
            "enable_classiclink": false,
            "enable_classiclink_dns_support": false,
            "enable_dns_hostnames": true,
            "enable_dns_support": true,
            "enable_network_address_usage_metrics": false,
            "id": "vpc-061c85c0d6e7f64f3",
            "instance_tenancy": "default",
            "ipv4_ipam_pool_id": null,
            "ipv4_netmask_length": null,
            "ipv6_association_id": "",
            "ipv6_cidr_block": "",
            "ipv6_cidr_block_network_border_group": "",
            "ipv6_ipam_pool_id": "",
            "ipv6_netmask_length": 0,
            "main_route_table_id": "rtb-08f18f8563c183d4b",
            "owner_id": "895656015678",
            "tags": {
              "Blueprint": "eks-blueprints",
              "GithubRepo": "github.com/aws-ia/terraform-aws-eks-blueprints",
              "Name": "eks-blueprints"
            },
            "tags_all": {
              "Blueprint": "eks-blueprints",
              "GithubRepo": "github.com/aws-ia/terraform-aws-eks-blueprints",
              "Name": "eks-blueprints"
            }
          },
          "sensitive_attributes": [],
          "private": "eyJzY2hlbWFfdmVyc2lvbiI6IjEifQ==",
          "create_before_destroy": true
        }
      ]
    }
  ],
  "check_results": []
}
